
Microsoft Visual Studio Solution File, Format Version 12.00
# Visual Studio Version 16
VisualStudioVersion = 25.0.1704.4
MinimumVisualStudioVersion = 10.0.40219.1
Project("{FAE04EC0-301F-11D3-BF4B-00C04F79EFBC}") = "Selenium-Nunit-Extent", "Selenium-Nunit-Extent\Selenium-Nunit-Extent.csproj", "{E08EEF35-546E-4EE0-A054-B77D296A5C19}"
EndProject
Project("{2150E333-8FDC-42A3-9474-1A3956D46DE8}") = "Solution Items", "Solution Items", "{B62E9BBD-D8DA-4A44-8162-A97D658B69D5}"
	ProjectSection(SolutionItems) = preProject
		.gitignore = .gitignore
	EndProjectSection
EndProject
Global
	GlobalSection(SolutionConfigurationPlatforms) = preSolution
		Debug|Any CPU = Debug|Any CPU
		Release|Any CPU = Release|Any CPU
	EndGlobalSection
	GlobalSection(ProjectConfigurationPlatforms) = postSolution
		{E08EEF35-546E-4EE0-A054-B77D296A5C19}.Debug|Any CPU.ActiveCfg = Debug|Any CPU
		{E08EEF35-546E-4EE0-A054-B77D296A5C19}.Debug|Any CPU.Build.0 = Debug|Any CPU
		{E08EEF35-546E-4EE0-A054-B77D296A5C19}.Release|Any CPU.ActiveCfg = Release|Any CPU
		{E08EEF35-546E-4EE0-A054-B77D296A5C19}.Release|Any CPU.Build.0 = Release|Any CPU
	EndGlobalSection
	GlobalSection(SolutionProperties) = preSolution
		HideSolutionNode = FALSE
	EndGlobalSection
	GlobalSection(ExtensibilityGlobals) = postSolution
		SolutionGuid = {0AE4E7AC-6000-4451-AD1D-755DE39205A1}
	EndGlobalSection
EndGlobal
